
Microsoft Visual Studio Solution File, Format Version 12.00
# Visual Studio Version 16
VisualStudioVersion = 16.0.31410.357
MinimumVisualStudioVersion = 10.0.40219.1
Project("{FAE04EC0-301F-11D3-BF4B-00C04F79EFBC}") = "Entroptik", "Entroptik.csproj", "{066837AB-BEDD-4156-BAD4-145C3B6BCAB6}"
EndProject
Global
	GlobalSection(SolutionConfigurationPlatforms) = preSolution
		Debug|Any CPU = Debug|Any CPU
		Release|Any CPU = Release|Any CPU
	EndGlobalSection
	GlobalSection(ProjectConfigurationPlatforms) = postSolution
		{066837AB-BEDD-4156-BAD4-145C3B6BCAB6}.Debug|Any CPU.ActiveCfg = Debug|Any CPU
		{066837AB-BEDD-4156-BAD4-145C3B6BCAB6}.Debug|Any CPU.Build.0 = Debug|Any CPU
		{066837AB-BEDD-4156-BAD4-145C3B6BCAB6}.Release|Any CPU.ActiveCfg = Release|Any CPU
		{066837AB-BEDD-4156-BAD4-145C3B6BCAB6}.Release|Any CPU.Build.0 = Release|Any CPU
	EndGlobalSection
	GlobalSection(SolutionProperties) = preSolution
		HideSolutionNode = FALSE
	EndGlobalSection
	GlobalSection(ExtensibilityGlobals) = postSolution
		SolutionGuid = {E8BEB2FD-7DF9-4056-9B34-4F34D14CBF90}
	EndGlobalSection
EndGlobal
